
Microsoft Visual Studio Solution File, Format Version 12.00
# Visual Studio Version 16
VisualStudioVersion = 16.0.29728.190
MinimumVisualStudioVersion = 10.0.40219.1
Project("{FAE04EC0-301F-11D3-BF4B-00C04F79EFBC}") = "WebApi", "WebApi.csproj", "{B9C8FFCC-2C88-4492-930C-F67AAEDDCA0D}"
EndProject
Project("{FAE04EC0-301F-11D3-BF4B-00C04F79EFBC}") = "WebApi.Tests", "..\WebApi.Tests\WebApi.Tests.csproj", "{05E44018-4398-4C12-BEA0-011ACA3CFF36}"
EndProject
Global
	GlobalSection(SolutionConfigurationPlatforms) = preSolution
		Debug|Any CPU = Debug|Any CPU
		Release|Any CPU = Release|Any CPU
	EndGlobalSection
	GlobalSection(ProjectConfigurationPlatforms) = postSolution
		{B9C8FFCC-2C88-4492-930C-F67AAEDDCA0D}.Debug|Any CPU.ActiveCfg = Debug|Any CPU
		{B9C8FFCC-2C88-4492-930C-F67AAEDDCA0D}.Debug|Any CPU.Build.0 = Debug|Any CPU
		{B9C8FFCC-2C88-4492-930C-F67AAEDDCA0D}.Release|Any CPU.ActiveCfg = Release|Any CPU
		{B9C8FFCC-2C88-4492-930C-F67AAEDDCA0D}.Release|Any CPU.Build.0 = Release|Any CPU
		{05E44018-4398-4C12-BEA0-011ACA3CFF36}.Debug|Any CPU.ActiveCfg = Debug|Any CPU
		{05E44018-4398-4C12-BEA0-011ACA3CFF36}.Debug|Any CPU.Build.0 = Debug|Any CPU
		{05E44018-4398-4C12-BEA0-011ACA3CFF36}.Release|Any CPU.ActiveCfg = Release|Any CPU
		{05E44018-4398-4C12-BEA0-011ACA3CFF36}.Release|Any CPU.Build.0 = Release|Any CPU
	EndGlobalSection
	GlobalSection(SolutionProperties) = preSolution
		HideSolutionNode = FALSE
	EndGlobalSection
	GlobalSection(ExtensibilityGlobals) = postSolution
		SolutionGuid = {14914BD8-707A-46F5-B24D-86F6F8E8EBA8}
	EndGlobalSection
EndGlobal
